
Microsoft Visual Studio Solution File, Format Version 12.00
# Visual Studio 14
VisualStudioVersion = 14.0.23107.0
MinimumVisualStudioVersion = 10.0.40219.1
Project("{8BC9CEB8-8B4A-11D0-8D11-00A0C91BC942}") = "Buffer1", "asm_2\asm_2.vcxproj", "{360A018C-C1DB-4657-BFFB-510692F2A47A}"
EndProject
Project("{8BC9CEB8-8B4A-11D0-8D11-00A0C91BC942}") = "sort1", "sort1\sort1.vcxproj", "{25B7E67D-4E44-479F-8BC4-3F36D1FADA46}"
EndProject
Project("{8BC9CEB8-8B4A-11D0-8D11-00A0C91BC942}") = "sort2", "sort2\sort2.vcxproj", "{4CBC7291-2571-41F7-9014-7178C1FB8785}"
EndProject
Project("{8BC9CEB8-8B4A-11D0-8D11-00A0C91BC942}") = "sort3", "sort3\sort3.vcxproj", "{54BB2054-1B1F-44F3-9892-2BA9C8A0FD14}"
EndProject
Project("{8BC9CEB8-8B4A-11D0-8D11-00A0C91BC942}") = "sort4", "sort4\sort4.vcxproj", "{146A9F02-AD8B-45B9-A1C6-17792B8D336A}"
EndProject
Project("{8BC9CEB8-8B4A-11D0-8D11-00A0C91BC942}") = "sort5", "sort5\sort5.vcxproj", "{14F02CF8-8109-4FAF-9D5F-B37FA9EB1D22}"
EndProject
Project("{8BC9CEB8-8B4A-11D0-8D11-00A0C91BC942}") = "实验2", "实验2\实验2.vcxproj", "{B2DF61B4-F639-4905-B0D6-58E0A8388831}"
EndProject
Project("{8BC9CEB8-8B4A-11D0-8D11-00A0C91BC942}") = "实验2-C语言", "实验2-C语言\实验2-C语言.vcxproj", "{3ADA8789-6EAB-42CA-84DF-FEADAFB58BFB}"
EndProject
Project("{8BC9CEB8-8B4A-11D0-8D11-00A0C91BC942}") = "Buffer2", "Buffer1\Buffer1.vcxproj", "{92E2EE2A-663E-4766-A495-09D339F3415C}"
EndProject
Project("{8BC9CEB8-8B4A-11D0-8D11-00A0C91BC942}") = "Bufferm", "Bufferm\Bufferm.vcxproj", "{640967C0-48A7-4677-8ED9-8E908CB74451}"
EndProject
Project("{8BC9CEB8-8B4A-11D0-8D11-00A0C91BC942}") = "fib", "fib\fib.vcxproj", "{DF3E4FE0-69F6-48B6-9259-D46B0B69B988}"
EndProject
Project("{8BC9CEB8-8B4A-11D0-8D11-00A0C91BC942}") = "stack", "stack分析\stack分析.vcxproj", "{4B871148-C7EA-413C-8FC8-6418A7D085CD}"
EndProject
Project("{8BC9CEB8-8B4A-11D0-8D11-00A0C91BC942}") = "c++", "c++\c++.vcxproj", "{239B04B0-82C7-458A-8BC9-FE20B78B29B4}"
EndProject
Project("{8BC9CEB8-8B4A-11D0-8D11-00A0C91BC942}") = "array", "array\array.vcxproj", "{B4D7FB74-0A0D-4DB6-967C-93039FD6BD58}"
EndProject
Global
	GlobalSection(SolutionConfigurationPlatforms) = preSolution
		Debug|x64 = Debug|x64
		Debug|x86 = Debug|x86
		Release|x64 = Release|x64
		Release|x86 = Release|x86
	EndGlobalSection
	GlobalSection(ProjectConfigurationPlatforms) = postSolution
		{360A018C-C1DB-4657-BFFB-510692F2A47A}.Debug|x64.ActiveCfg = Debug|x64
		{360A018C-C1DB-4657-BFFB-510692F2A47A}.Debug|x64.Build.0 = Debug|x64
		{360A018C-C1DB-4657-BFFB-510692F2A47A}.Debug|x86.ActiveCfg = Debug|Win32
		{360A018C-C1DB-4657-BFFB-510692F2A47A}.Debug|x86.Build.0 = Debug|Win32
		{360A018C-C1DB-4657-BFFB-510692F2A47A}.Release|x64.ActiveCfg = Release|x64
		{360A018C-C1DB-4657-BFFB-510692F2A47A}.Release|x64.Build.0 = Release|x64
		{360A018C-C1DB-4657-BFFB-510692F2A47A}.Release|x86.ActiveCfg = Release|Win32
		{360A018C-C1DB-4657-BFFB-510692F2A47A}.Release|x86.Build.0 = Release|Win32
		{25B7E67D-4E44-479F-8BC4-3F36D1FADA46}.Debug|x64.ActiveCfg = Debug|x64
		{25B7E67D-4E44-479F-8BC4-3F36D1FADA46}.Debug|x64.Build.0 = Debug|x64
		{25B7E67D-4E44-479F-8BC4-3F36D1FADA46}.Debug|x86.ActiveCfg = Debug|Win32
		{25B7E67D-4E44-479F-8BC4-3F36D1FADA46}.Debug|x86.Build.0 = Debug|Win32
		{25B7E67D-4E44-479F-8BC4-3F36D1FADA46}.Release|x64.ActiveCfg = Release|x64
		{25B7E67D-4E44-479F-8BC4-3F36D1FADA46}.Release|x64.Build.0 = Release|x64
		{25B7E67D-4E44-479F-8BC4-3F36D1FADA46}.Release|x86.ActiveCfg = Release|Win32
		{25B7E67D-4E44-479F-8BC4-3F36D1FADA46}.Release|x86.Build.0 = Release|Win32
		{4CBC7291-2571-41F7-9014-7178C1FB8785}.Debug|x64.ActiveCfg = Debug|x64
		{4CBC7291-2571-41F7-9014-7178C1FB8785}.Debug|x64.Build.0 = Debug|x64
		{4CBC7291-2571-41F7-9014-7178C1FB8785}.Debug|x86.ActiveCfg = Debug|Win32
		{4CBC7291-2571-41F7-9014-7178C1FB8785}.Debug|x86.Build.0 = Debug|Win32
		{4CBC7291-2571-41F7-9014-7178C1FB8785}.Release|x64.ActiveCfg = Release|x64
		{4CBC7291-2571-41F7-9014-7178C1FB8785}.Release|x64.Build.0 = Release|x64
		{4CBC7291-2571-41F7-9014-7178C1FB8785}.Release|x86.ActiveCfg = Release|Win32
		{4CBC7291-2571-41F7-9014-7178C1FB8785}.Release|x86.Build.0 = Release|Win32
		{54BB2054-1B1F-44F3-9892-2BA9C8A0FD14}.Debug|x64.ActiveCfg = Debug|x64
		{54BB2054-1B1F-44F3-9892-2BA9C8A0FD14}.Debug|x64.Build.0 = Debug|x64
		{54BB2054-1B1F-44F3-9892-2BA9C8A0FD14}.Debug|x86.ActiveCfg = Debug|Win32
		{54BB2054-1B1F-44F3-9892-2BA9C8A0FD14}.Debug|x86.Build.0 = Debug|Win32
		{54BB2054-1B1F-44F3-9892-2BA9C8A0FD14}.Release|x64.ActiveCfg = Release|x64
		{54BB2054-1B1F-44F3-9892-2BA9C8A0FD14}.Release|x64.Build.0 = Release|x64
		{54BB2054-1B1F-44F3-9892-2BA9C8A0FD14}.Release|x86.ActiveCfg = Release|Win32
		{54BB2054-1B1F-44F3-9892-2BA9C8A0FD14}.Release|x86.Build.0 = Release|Win32
		{146A9F02-AD8B-45B9-A1C6-17792B8D336A}.Debug|x64.ActiveCfg = Debug|x64
		{146A9F02-AD8B-45B9-A1C6-17792B8D336A}.Debug|x64.Build.0 = Debug|x64
		{146A9F02-AD8B-45B9-A1C6-17792B8D336A}.Debug|x86.ActiveCfg = Debug|Win32
		{146A9F02-AD8B-45B9-A1C6-17792B8D336A}.Debug|x86.Build.0 = Debug|Win32
		{146A9F02-AD8B-45B9-A1C6-17792B8D336A}.Release|x64.ActiveCfg = Release|x64
		{146A9F02-AD8B-45B9-A1C6-17792B8D336A}.Release|x64.Build.0 = Release|x64
		{146A9F02-AD8B-45B9-A1C6-17792B8D336A}.Release|x86.ActiveCfg = Release|Win32
		{146A9F02-AD8B-45B9-A1C6-17792B8D336A}.Release|x86.Build.0 = Release|Win32
		{14F02CF8-8109-4FAF-9D5F-B37FA9EB1D22}.Debug|x64.ActiveCfg = Debug|x64
		{14F02CF8-8109-4FAF-9D5F-B37FA9EB1D22}.Debug|x64.Build.0 = Debug|x64
		{14F02CF8-8109-4FAF-9D5F-B37FA9EB1D22}.Debug|x86.ActiveCfg = Debug|Win32
		{14F02CF8-8109-4FAF-9D5F-B37FA9EB1D22}.Debug|x86.Build.0 = Debug|Win32
		{14F02CF8-8109-4FAF-9D5F-B37FA9EB1D22}.Release|x64.ActiveCfg = Release|x64
		{14F02CF8-8109-4FAF-9D5F-B37FA9EB1D22}.Release|x64.Build.0 = Release|x64
		{14F02CF8-8109-4FAF-9D5F-B37FA9EB1D22}.Release|x86.ActiveCfg = Release|Win32
		{14F02CF8-8109-4FAF-9D5F-B37FA9EB1D22}.Release|x86.Build.0 = Release|Win32
		{B2DF61B4-F639-4905-B0D6-58E0A8388831}.Debug|x64.ActiveCfg = Debug|x64
		{B2DF61B4-F639-4905-B0D6-58E0A8388831}.Debug|x64.Build.0 = Debug|x64
		{B2DF61B4-F639-4905-B0D6-58E0A8388831}.Debug|x86.ActiveCfg = Debug|Win32
		{B2DF61B4-F639-4905-B0D6-58E0A8388831}.Debug|x86.Build.0 = Debug|Win32
		{B2DF61B4-F639-4905-B0D6-58E0A8388831}.Release|x64.ActiveCfg = Release|x64
		{B2DF61B4-F639-4905-B0D6-58E0A8388831}.Release|x64.Build.0 = Release|x64
		{B2DF61B4-F639-4905-B0D6-58E0A8388831}.Release|x86.ActiveCfg = Release|Win32
		{B2DF61B4-F639-4905-B0D6-58E0A8388831}.Release|x86.Build.0 = Release|Win32
		{3ADA8789-6EAB-42CA-84DF-FEADAFB58BFB}.Debug|x64.ActiveCfg = Debug|x64
		{3ADA8789-6EAB-42CA-84DF-FEADAFB58BFB}.Debug|x64.Build.0 = Debug|x64
		{3ADA8789-6EAB-42CA-84DF-FEADAFB58BFB}.Debug|x86.ActiveCfg = Debug|Win32
		{3ADA8789-6EAB-42CA-84DF-FEADAFB58BFB}.Debug|x86.Build.0 = Debug|Win32
		{3ADA8789-6EAB-42CA-84DF-FEADAFB58BFB}.Release|x64.ActiveCfg = Release|x64
		{3ADA8789-6EAB-42CA-84DF-FEADAFB58BFB}.Release|x64.Build.0 = Release|x64
		{3ADA8789-6EAB-42CA-84DF-FEADAFB58BFB}.Release|x86.ActiveCfg = Release|Win32
		{3ADA8789-6EAB-42CA-84DF-FEADAFB58BFB}.Release|x86.Build.0 = Release|Win32
		{92E2EE2A-663E-4766-A495-09D339F3415C}.Debug|x64.ActiveCfg = Debug|x64
		{92E2EE2A-663E-4766-A495-09D339F3415C}.Debug|x64.Build.0 = Debug|x64
		{92E2EE2A-663E-4766-A495-09D339F3415C}.Debug|x86.ActiveCfg = Debug|Win32
		{92E2EE2A-663E-4766-A495-09D339F3415C}.Debug|x86.Build.0 = Debug|Win32
		{92E2EE2A-663E-4766-A495-09D339F3415C}.Release|x64.ActiveCfg = Release|x64
		{92E2EE2A-663E-4766-A495-09D339F3415C}.Release|x64.Build.0 = Release|x64
		{92E2EE2A-663E-4766-A495-09D339F3415C}.Release|x86.ActiveCfg = Release|Win32
		{92E2EE2A-663E-4766-A495-09D339F3415C}.Release|x86.Build.0 = Release|Win32
		{640967C0-48A7-4677-8ED9-8E908CB74451}.Debug|x64.ActiveCfg = Debug|x64
		{640967C0-48A7-4677-8ED9-8E908CB74451}.Debug|x64.Build.0 = Debug|x64
		{640967C0-48A7-4677-8ED9-8E908CB74451}.Debug|x86.ActiveCfg = Debug|Win32
		{640967C0-48A7-4677-8ED9-8E908CB74451}.Debug|x86.Build.0 = Debug|Win32
		{640967C0-48A7-4677-8ED9-8E908CB74451}.Release|x64.ActiveCfg = Release|x64
		{640967C0-48A7-4677-8ED9-8E908CB74451}.Release|x64.Build.0 = Release|x64
		{640967C0-48A7-4677-8ED9-8E908CB74451}.Release|x86.ActiveCfg = Release|Win32
		{640967C0-48A7-4677-8ED9-8E908CB74451}.Release|x86.Build.0 = Release|Win32
		{DF3E4FE0-69F6-48B6-9259-D46B0B69B988}.Debug|x64.ActiveCfg = Debug|x64
		{DF3E4FE0-69F6-48B6-9259-D46B0B69B988}.Debug|x64.Build.0 = Debug|x64
		{DF3E4FE0-69F6-48B6-9259-D46B0B69B988}.Debug|x86.ActiveCfg = Debug|Win32
		{DF3E4FE0-69F6-48B6-9259-D46B0B69B988}.Debug|x86.Build.0 = Debug|Win32
		{DF3E4FE0-69F6-48B6-9259-D46B0B69B988}.Release|x64.ActiveCfg = Release|x64
		{DF3E4FE0-69F6-48B6-9259-D46B0B69B988}.Release|x64.Build.0 = Release|x64
		{DF3E4FE0-69F6-48B6-9259-D46B0B69B988}.Release|x86.ActiveCfg = Release|Win32
		{DF3E4FE0-69F6-48B6-9259-D46B0B69B988}.Release|x86.Build.0 = Release|Win32
		{4B871148-C7EA-413C-8FC8-6418A7D085CD}.Debug|x64.ActiveCfg = Debug|x64
		{4B871148-C7EA-413C-8FC8-6418A7D085CD}.Debug|x64.Build.0 = Debug|x64
		{4B871148-C7EA-413C-8FC8-6418A7D085CD}.Debug|x86.ActiveCfg = Debug|Win32
		{4B871148-C7EA-413C-8FC8-6418A7D085CD}.Debug|x86.Build.0 = Debug|Win32
		{4B871148-C7EA-413C-8FC8-6418A7D085CD}.Release|x64.ActiveCfg = Release|x64
		{4B871148-C7EA-413C-8FC8-6418A7D085CD}.Release|x64.Build.0 = Release|x64
		{4B871148-C7EA-413C-8FC8-6418A7D085CD}.Release|x86.ActiveCfg = Release|Win32
		{4B871148-C7EA-413C-8FC8-6418A7D085CD}.Release|x86.Build.0 = Release|Win32
		{239B04B0-82C7-458A-8BC9-FE20B78B29B4}.Debug|x64.ActiveCfg = Debug|x64
		{239B04B0-82C7-458A-8BC9-FE20B78B29B4}.Debug|x64.Build.0 = Debug|x64
		{239B04B0-82C7-458A-8BC9-FE20B78B29B4}.Debug|x86.ActiveCfg = Debug|Win32
		{239B04B0-82C7-458A-8BC9-FE20B78B29B4}.Debug|x86.Build.0 = Debug|Win32
		{239B04B0-82C7-458A-8BC9-FE20B78B29B4}.Release|x64.ActiveCfg = Release|x64
		{239B04B0-82C7-458A-8BC9-FE20B78B29B4}.Release|x64.Build.0 = Release|x64
		{239B04B0-82C7-458A-8BC9-FE20B78B29B4}.Release|x86.ActiveCfg = Release|Win32
		{239B04B0-82C7-458A-8BC9-FE20B78B29B4}.Release|x86.Build.0 = Release|Win32
		{B4D7FB74-0A0D-4DB6-967C-93039FD6BD58}.Debug|x64.ActiveCfg = Debug|x64
		{B4D7FB74-0A0D-4DB6-967C-93039FD6BD58}.Debug|x64.Build.0 = Debug|x64
		{B4D7FB74-0A0D-4DB6-967C-93039FD6BD58}.Debug|x86.ActiveCfg = Debug|Win32
		{B4D7FB74-0A0D-4DB6-967C-93039FD6BD58}.Debug|x86.Build.0 = Debug|Win32
		{B4D7FB74-0A0D-4DB6-967C-93039FD6BD58}.Release|x64.ActiveCfg = Release|x64
		{B4D7FB74-0A0D-4DB6-967C-93039FD6BD58}.Release|x64.Build.0 = Release|x64
		{B4D7FB74-0A0D-4DB6-967C-93039FD6BD58}.Release|x86.ActiveCfg = Release|Win32
		{B4D7FB74-0A0D-4DB6-967C-93039FD6BD58}.Release|x86.Build.0 = Release|Win32
	EndGlobalSection
	GlobalSection(SolutionProperties) = preSolution
		HideSolutionNode = FALSE
	EndGlobalSection
EndGlobal
